// !$*UTF8*$!
{
	archiveVersion = 1;
	classes = {
	};
	objectVersion = 50;
	objects = {

/* Begin PBXBuildFile section */
		D4612EB024021F070019AC16 /* Frac_starter.cpp in Sources */ = {isa = PBXBuildFile; fileRef = D4612EAF24021F070019AC16 /* Frac_starter.cpp */; };
		D4612EBE240245040019AC16 /* main.cpp in Sources */ = {isa = PBXBuildFile; fileRef = D4612EBD240245040019AC16 /* main.cpp */; };
		D4612EC92404B7B40019AC16 /* main.cpp in Sources */ = {isa = PBXBuildFile; fileRef = D4612EC82404B7B40019AC16 /* main.cpp */; };
/* End PBXBuildFile section */

/* Begin PBXCopyFilesBuildPhase section */
		D4612EAA24021F070019AC16 /* CopyFiles */ = {
			isa = PBXCopyFilesBuildPhase;
			buildActionMask = 2147483647;
			dstPath = /usr/share/man/man1/;
			dstSubfolderSpec = 0;
			files = (
			);
			runOnlyForDeploymentPostprocessing = 1;
		};
		D4612EB9240245030019AC16 /* CopyFiles */ = {
			isa = PBXCopyFilesBuildPhase;
			buildActionMask = 2147483647;
			dstPath = /usr/share/man/man1/;
			dstSubfolderSpec = 0;
			files = (
			);
			runOnlyForDeploymentPostprocessing = 1;
		};
		D4612EC42404B7B40019AC16 /* CopyFiles */ = {
			isa = PBXCopyFilesBuildPhase;
			buildActionMask = 2147483647;
			dstPath = /usr/share/man/man1/;
			dstSubfolderSpec = 0;
			files = (
			);
			runOnlyForDeploymentPostprocessing = 1;
		};
/* End PBXCopyFilesBuildPhase section */

/* Begin PBXFileReference section */
		D4612EAC24021F070019AC16 /* As03 */ = {isa = PBXFileReference; explicitFileType = "compiled.mach-o.executable"; includeInIndex = 0; path = As03; sourceTree = BUILT_PRODUCTS_DIR; };
		D4612EAF24021F070019AC16 /* Frac_starter.cpp */ = {isa = PBXFileReference; lastKnownFileType = sourcecode.cpp.cpp; path = Frac_starter.cpp; sourceTree = "<group>"; };
		D4612EB624021FA20019AC16 /* Frac.h */ = {isa = PBXFileReference; lastKnownFileType = sourcecode.c.h; path = Frac.h; sourceTree = "<group>"; };
		D4612EBB240245030019AC16 /* testing_programs */ = {isa = PBXFileReference; explicitFileType = "compiled.mach-o.executable"; includeInIndex = 0; path = testing_programs; sourceTree = BUILT_PRODUCTS_DIR; };
		D4612EBD240245040019AC16 /* main.cpp */ = {isa = PBXFileReference; lastKnownFileType = sourcecode.cpp.cpp; path = main.cpp; sourceTree = "<group>"; };
		D4612EC62404B7B40019AC16 /* DV */ = {isa = PBXFileReference; explicitFileType = "compiled.mach-o.executable"; includeInIndex = 0; path = DV; sourceTree = BUILT_PRODUCTS_DIR; };
		D4612EC82404B7B40019AC16 /* main.cpp */ = {isa = PBXFileReference; lastKnownFileType = sourcecode.cpp.cpp; path = main.cpp; sourceTree = "<group>"; };
/* End PBXFileReference section */

/* Begin PBXFrameworksBuildPhase section */
		D4612EA924021F070019AC16 /* Frameworks */ = {
			isa = PBXFrameworksBuildPhase;
			buildActionMask = 2147483647;
			files = (
			);
			runOnlyForDeploymentPostprocessing = 0;
		};
		D4612EB8240245030019AC16 /* Frameworks */ = {
			isa = PBXFrameworksBuildPhase;
			buildActionMask = 2147483647;
			files = (
			);
			runOnlyForDeploymentPostprocessing = 0;
		};
		D4612EC32404B7B40019AC16 /* Frameworks */ = {
			isa = PBXFrameworksBuildPhase;
			buildActionMask = 2147483647;
			files = (
			);
			runOnlyForDeploymentPostprocessing = 0;
		};
/* End PBXFrameworksBuildPhase section */

/* Begin PBXGroup section */
		D4612EA324021F070019AC16 = {
			isa = PBXGroup;
			children = (
				D4612EAE24021F070019AC16 /* As03 */,
				D4612EBC240245040019AC16 /* testing_programs */,
				D4612EC72404B7B40019AC16 /* DV */,
				D4612EAD24021F070019AC16 /* Products */,
			);
			sourceTree = "<group>";
		};
		D4612EAD24021F070019AC16 /* Products */ = {
			isa = PBXGroup;
			children = (
				D4612EAC24021F070019AC16 /* As03 */,
				D4612EBB240245030019AC16 /* testing_programs */,
				D4612EC62404B7B40019AC16 /* DV */,
			);
			name = Products;
			sourceTree = "<group>";
		};
		D4612EAE24021F070019AC16 /* As03 */ = {
			isa = PBXGroup;
			children = (
				D4612EAF24021F070019AC16 /* Frac_starter.cpp */,
				D4612EB624021FA20019AC16 /* Frac.h */,
			);
			path = As03;
			sourceTree = "<group>";
		};
		D4612EBC240245040019AC16 /* testing_programs */ = {
			isa = PBXGroup;
			children = (
				D4612EBD240245040019AC16 /* main.cpp */,
			);
			path = testing_programs;
			sourceTree = "<group>";
		};
		D4612EC72404B7B40019AC16 /* DV */ = {
			isa = PBXGroup;
			children = (
				D4612EC82404B7B40019AC16 /* main.cpp */,
			);
			path = DV;
			sourceTree = "<group>";
		};
/* End PBXGroup section */

/* Begin PBXNativeTarget section */
		D4612EAB24021F070019AC16 /* As03 */ = {
			isa = PBXNativeTarget;
			buildConfigurationList = D4612EB324021F070019AC16 /* Build configuration list for PBXNativeTarget "As03" */;
			buildPhases = (
				D4612EA824021F070019AC16 /* Sources */,
				D4612EA924021F070019AC16 /* Frameworks */,
				D4612EAA24021F070019AC16 /* CopyFiles */,
			);
			buildRules = (
			);
			dependencies = (
			);
			name = As03;
			productName = As03;
			productReference = D4612EAC24021F070019AC16 /* As03 */;
			productType = "com.apple.product-type.tool";
		};
		D4612EBA240245030019AC16 /* testing_programs */ = {
			isa = PBXNativeTarget;
			buildConfigurationList = D4612EBF240245040019AC16 /* Build configuration list for PBXNativeTarget "testing_programs" */;
			buildPhases = (
				D4612EB7240245030019AC16 /* Sources */,
				D4612EB8240245030019AC16 /* Frameworks */,
				D4612EB9240245030019AC16 /* CopyFiles */,
			);
			buildRules = (
			);
			dependencies = (
			);
			name = testing_programs;
			productName = testing_programs;
			productReference = D4612EBB240245030019AC16 /* testing_programs */;
			productType = "com.apple.product-type.tool";
		};
		D4612EC52404B7B40019AC16 /* DV */ = {
			isa = PBXNativeTarget;
			buildConfigurationList = D4612ECC2404B7B40019AC16 /* Build configuration list for PBXNativeTarget "DV" */;
			buildPhases = (
				D4612EC22404B7B40019AC16 /* Sources */,
				D4612EC32404B7B40019AC16 /* Frameworks */,
				D4612EC42404B7B40019AC16 /* CopyFiles */,
			);
			buildRules = (
			);
			dependencies = (
			);
			name = DV;
			productName = DV;
			productReference = D4612EC62404B7B40019AC16 /* DV */;
			productType = "com.apple.product-type.tool";
		};
/* End PBXNativeTarget section */

/* Begin PBXProject section */
		D4612EA424021F070019AC16 /* Project object */ = {
			isa = PBXProject;
			attributes = {
				LastUpgradeCheck = 1110;
				ORGANIZATIONNAME = "Madina Sadirmekova";
				TargetAttributes = {
					D4612EAB24021F070019AC16 = {
						CreatedOnToolsVersion = 11.1;
					};
					D4612EBA240245030019AC16 = {
						CreatedOnToolsVersion = 11.1;
					};
					D4612EC52404B7B40019AC16 = {
						CreatedOnToolsVersion = 11.1;
					};
				};
			};
			buildConfigurationList = D4612EA724021F070019AC16 /* Build configuration list for PBXProject "As03" */;
			compatibilityVersion = "Xcode 9.3";
			developmentRegion = en;
			hasScannedForEncodings = 0;
			knownRegions = (
				en,
				Base,
			);
			mainGroup = D4612EA324021F070019AC16;
			productRefGroup = D4612EAD24021F070019AC16 /* Products */;
			projectDirPath = "";
			projectRoot = "";
			targets = (
				D4612EAB24021F070019AC16 /* As03 */,
				D4612EBA240245030019AC16 /* testing_programs */,
				D4612EC52404B7B40019AC16 /* DV */,
			);
		};
/* End PBXProject section */

/* Begin PBXSourcesBuildPhase section */
		D4612EA824021F070019AC16 /* Sources */ = {
			isa = PBXSourcesBuildPhase;
			buildActionMask = 2147483647;
			files = (
				D4612EB024021F070019AC16 /* Frac_starter.cpp in Sources */,
			);
			runOnlyForDeploymentPostprocessing = 0;
		};
		D4612EB7240245030019AC16 /* Sources */ = {
			isa = PBXSourcesBuildPhase;
			buildActionMask = 2147483647;
			files = (
				D4612EBE240245040019AC16 /* main.cpp in Sources */,
			);
			runOnlyForDeploymentPostprocessing = 0;
		};
		D4612EC22404B7B40019AC16 /* Sources */ = {
			isa = PBXSourcesBuildPhase;
			buildActionMask = 2147483647;
			files = (
				D4612EC92404B7B40019AC16 /* main.cpp in Sources */,
			);
			runOnlyForDeploymentPostprocessing = 0;
		};
/* End PBXSourcesBuildPhase section */

/* Begin XCBuildConfiguration section */
		D4612EB124021F070019AC16 /* Debug */ = {
			isa = XCBuildConfiguration;
			buildSettings = {
				ALWAYS_SEARCH_USER_PATHS = NO;
				CLANG_ANALYZER_NONNULL = YES;
				CLANG_ANALYZER_NUMBER_OBJECT_CONVERSION = YES_AGGRESSIVE;
				CLANG_CXX_LANGUAGE_STANDARD = "gnu++14";
				CLANG_CXX_LIBRARY = "libc++";
				CLANG_ENABLE_MODULES = YES;
				CLANG_ENABLE_OBJC_ARC = YES;
				CLANG_ENABLE_OBJC_WEAK = YES;
				CLANG_WARN_BLOCK_CAPTURE_AUTORELEASING = YES;
				CLANG_WARN_BOOL_CONVERSION = YES;
				CLANG_WARN_COMMA = YES;
				CLANG_WARN_CONSTANT_CONVERSION = YES;
				CLANG_WARN_DEPRECATED_OBJC_IMPLEMENTATIONS = YES;
				CLANG_WARN_DIRECT_OBJC_ISA_USAGE = YES_ERROR;
				CLANG_WARN_DOCUMENTATION_COMMENTS = YES;
				CLANG_WARN_EMPTY_BODY = YES;
				CLANG_WARN_ENUM_CONVERSION = YES;
				CLANG_WARN_INFINITE_RECURSION = YES;
				CLANG_WARN_INT_CONVERSION = YES;
				CLANG_WARN_NON_LITERAL_NULL_CONVERSION = YES;
				CLANG_WARN_OBJC_IMPLICIT_RETAIN_SELF = YES;
				CLANG_WARN_OBJC_LITERAL_CONVERSION = YES;
				CLANG_WARN_OBJC_ROOT_CLASS = YES_ERROR;
				CLANG_WARN_RANGE_LOOP_ANALYSIS = YES;
				CLANG_WARN_STRICT_PROTOTYPES = YES;
				CLANG_WARN_SUSPICIOUS_MOVE = YES;
				CLANG_WARN_UNGUARDED_AVAILABILITY = YES_AGGRESSIVE;
				CLANG_WARN_UNREACHABLE_CODE = YES;
				CLANG_WARN__DUPLICATE_METHOD_MATCH = YES;
				COPY_PHASE_STRIP = NO;
				DEBUG_INFORMATION_FORMAT = dwarf;
				ENABLE_STRICT_OBJC_MSGSEND = YES;
				ENABLE_TESTABILITY = YES;
				GCC_C_LANGUAGE_STANDARD = gnu11;
				GCC_DYNAMIC_NO_PIC = NO;
				GCC_NO_COMMON_BLOCKS = YES;
				GCC_OPTIMIZATION_LEVEL = 0;
				GCC_PREPROCESSOR_DEFINITIONS = (
					"DEBUG=1",
					"$(inherited)",
				);
				GCC_WARN_64_TO_32_BIT_CONVERSION = YES;
				GCC_WARN_ABOUT_RETURN_TYPE = YES_ERROR;
				GCC_WARN_UNDECLARED_SELECTOR = YES;
				GCC_WARN_UNINITIALIZED_AUTOS = YES_AGGRESSIVE;
				GCC_WARN_UNUSED_FUNCTION = YES;
				GCC_WARN_UNUSED_VARIABLE = YES;
				MACOSX_DEPLOYMENT_TARGET = 10.15;
				MTL_ENABLE_DEBUG_INFO = INCLUDE_SOURCE;
				MTL_FAST_MATH = YES;
				ONLY_ACTIVE_ARCH = YES;
				SDKROOT = macosx;
			};
			name = Debug;
		};
		D4612EB224021F070019AC16 /* Release */ = {
			isa = XCBuildConfiguration;
			buildSettings = {
				ALWAYS_SEARCH_USER_PATHS = NO;
				CLANG_ANALYZER_NONNULL = YES;
				CLANG_ANALYZER_NUMBER_OBJECT_CONVERSION = YES_AGGRESSIVE;
				CLANG_CXX_LANGUAGE_STANDARD = "gnu++14";
				CLANG_CXX_LIBRARY = "libc++";
				CLANG_ENABLE_MODULES = YES;
				CLANG_ENABLE_OBJC_ARC = YES;
				CLANG_ENABLE_OBJC_WEAK = YES;
				CLANG_WARN_BLOCK_CAPTURE_AUTORELEASING = YES;
				CLANG_WARN_BOOL_CONVERSION = YES;
				CLANG_WARN_COMMA = YES;
				CLANG_WARN_CONSTANT_CONVERSION = YES;
				CLANG_WARN_DEPRECATED_OBJC_IMPLEMENTATIONS = YES;
				CLANG_WARN_DIRECT_OBJC_ISA_USAGE = YES_ERROR;
				CLANG_WARN_DOCUMENTATION_COMMENTS = YES;
				CLANG_WARN_EMPTY_BODY = YES;
				CLANG_WARN_ENUM_CONVERSION = YES;
				CLANG_WARN_INFINITE_RECURSION = YES;
				CLANG_WARN_INT_CONVERSION = YES;
				CLANG_WARN_NON_LITERAL_NULL_CONVERSION = YES;
				CLANG_WARN_OBJC_IMPLICIT_RETAIN_SELF = YES;
				CLANG_WARN_OBJC_LITERAL_CONVERSION = YES;
				CLANG_WARN_OBJC_ROOT_CLASS = YES_ERROR;
				CLANG_WARN_RANGE_LOOP_ANALYSIS = YES;
				CLANG_WARN_STRICT_PROTOTYPES = YES;
				CLANG_WARN_SUSPICIOUS_MOVE = YES;
				CLANG_WARN_UNGUARDED_AVAILABILITY = YES_AGGRESSIVE;
				CLANG_WARN_UNREACHABLE_CODE = YES;
				CLANG_WARN__DUPLICATE_METHOD_MATCH = YES;
				COPY_PHASE_STRIP = NO;
				DEBUG_INFORMATION_FORMAT = "dwarf-with-dsym";
				ENABLE_NS_ASSERTIONS = NO;
				ENABLE_STRICT_OBJC_MSGSEND = YES;
				GCC_C_LANGUAGE_STANDARD = gnu11;
				GCC_NO_COMMON_BLOCKS = YES;
				GCC_WARN_64_TO_32_BIT_CONVERSION = YES;
				GCC_WARN_ABOUT_RETURN_TYPE = YES_ERROR;
				GCC_WARN_UNDECLARED_SELECTOR = YES;
				GCC_WARN_UNINITIALIZED_AUTOS = YES_AGGRESSIVE;
				GCC_WARN_UNUSED_FUNCTION = YES;
				GCC_WARN_UNUSED_VARIABLE = YES;
				MACOSX_DEPLOYMENT_TARGET = 10.15;
				MTL_ENABLE_DEBUG_INFO = NO;
				MTL_FAST_MATH = YES;
				SDKROOT = macosx;
			};
			name = Release;
		};
		D4612EB424021F070019AC16 /* Debug */ = {
			isa = XCBuildConfiguration;
			buildSettings = {
				CODE_SIGN_STYLE = Automatic;
				PRODUCT_NAME = "$(TARGET_NAME)";
			};
			name = Debug;
		};
		D4612EB524021F070019AC16 /* Release */ = {
			isa = XCBuildConfiguration;
			buildSettings = {
				CODE_SIGN_STYLE = Automatic;
				PRODUCT_NAME = "$(TARGET_NAME)";
			};
			name = Release;
		};
		D4612EC0240245040019AC16 /* Debug */ = {
			isa = XCBuildConfiguration;
			buildSettings = {
				CODE_SIGN_STYLE = Automatic;
				PRODUCT_NAME = "$(TARGET_NAME)";
			};
			name = Debug;
		};
		D4612EC1240245040019AC16 /* Release */ = {
			isa = XCBuildConfiguration;
			buildSettings = {
				CODE_SIGN_STYLE = Automatic;
				PRODUCT_NAME = "$(TARGET_NAME)";
			};
			name = Release;
		};
		D4612ECA2404B7B40019AC16 /* Debug */ = {
			isa = XCBuildConfiguration;
			buildSettings = {
				CODE_SIGN_STYLE = Automatic;
				PRODUCT_NAME = "$(TARGET_NAME)";
			};
			name = Debug;
		};
		D4612ECB2404B7B40019AC16 /* Release */ = {
			isa = XCBuildConfiguration;
			buildSettings = {
				CODE_SIGN_STYLE = Automatic;
				PRODUCT_NAME = "$(TARGET_NAME)";
			};
			name = Release;
		};
/* End XCBuildConfiguration section */

/* Begin XCConfigurationList section */
		D4612EA724021F070019AC16 /* Build configuration list for PBXProject "As03" */ = {
			isa = XCConfigurationList;
			buildConfigurations = (
				D4612EB124021F070019AC16 /* Debug */,
				D4612EB224021F070019AC16 /* Release */,
			);
			defaultConfigurationIsVisible = 0;
			defaultConfigurationName = Release;
		};
		D4612EB324021F070019AC16 /* Build configuration list for PBXNativeTarget "As03" */ = {
			isa = XCConfigurationList;
			buildConfigurations = (
				D4612EB424021F070019AC16 /* Debug */,
				D4612EB524021F070019AC16 /* Release */,
			);
			defaultConfigurationIsVisible = 0;
			defaultConfigurationName = Release;
		};
		D4612EBF240245040019AC16 /* Build configuration list for PBXNativeTarget "testing_programs" */ = {
			isa = XCConfigurationList;
			buildConfigurations = (
				D4612EC0240245040019AC16 /* Debug */,
				D4612EC1240245040019AC16 /* Release */,
			);
			defaultConfigurationIsVisible = 0;
			defaultConfigurationName = Release;
		};
		D4612ECC2404B7B40019AC16 /* Build configuration list for PBXNativeTarget "DV" */ = {
			isa = XCConfigurationList;
			buildConfigurations = (
				D4612ECA2404B7B40019AC16 /* Debug */,
				D4612ECB2404B7B40019AC16 /* Release */,
			);
			defaultConfigurationIsVisible = 0;
			defaultConfigurationName = Release;
		};
/* End XCConfigurationList section */
	};
	rootObject = D4612EA424021F070019AC16 /* Project object */;
}
