// !$*UTF8*$!
{
	archiveVersion = 1;
	classes = {
	};
	objectVersion = 50;
	objects = {

/* Begin PBXBuildFile section */
		D44547E8245C6272003F70C6 /* main.cpp in Sources */ = {isa = PBXBuildFile; fileRef = D44547E7245C6272003F70C6 /* main.cpp */; };
		D44547F5245D3866003F70C6 /* main.cpp in Sources */ = {isa = PBXBuildFile; fileRef = D44547F4245D3866003F70C6 /* main.cpp */; };
		D4454800245D61B6003F70C6 /* main.cpp in Sources */ = {isa = PBXBuildFile; fileRef = D44547FF245D61B6003F70C6 /* main.cpp */; };
/* End PBXBuildFile section */

/* Begin PBXCopyFilesBuildPhase section */
		D44547E2245C6272003F70C6 /* CopyFiles */ = {
			isa = PBXCopyFilesBuildPhase;
			buildActionMask = 2147483647;
			dstPath = /usr/share/man/man1/;
			dstSubfolderSpec = 0;
			files = (
			);
			runOnlyForDeploymentPostprocessing = 1;
		};
		D44547F0245D3866003F70C6 /* CopyFiles */ = {
			isa = PBXCopyFilesBuildPhase;
			buildActionMask = 2147483647;
			dstPath = /usr/share/man/man1/;
			dstSubfolderSpec = 0;
			files = (
			);
			runOnlyForDeploymentPostprocessing = 1;
		};
		D44547FB245D61B6003F70C6 /* CopyFiles */ = {
			isa = PBXCopyFilesBuildPhase;
			buildActionMask = 2147483647;
			dstPath = /usr/share/man/man1/;
			dstSubfolderSpec = 0;
			files = (
			);
			runOnlyForDeploymentPostprocessing = 1;
		};
/* End PBXCopyFilesBuildPhase section */

/* Begin PBXFileReference section */
		D42FF99B2460F5F3001ADED7 /* Timer.h */ = {isa = PBXFileReference; lastKnownFileType = sourcecode.c.h; path = Timer.h; sourceTree = "<group>"; };
		D42FF99C2460FBC5001ADED7 /* Deque.h */ = {isa = PBXFileReference; lastKnownFileType = sourcecode.c.h; path = Deque.h; sourceTree = "<group>"; };
		D44547E4245C6272003F70C6 /* As10 */ = {isa = PBXFileReference; explicitFileType = "compiled.mach-o.executable"; includeInIndex = 0; path = As10; sourceTree = BUILT_PRODUCTS_DIR; };
		D44547E7245C6272003F70C6 /* main.cpp */ = {isa = PBXFileReference; lastKnownFileType = sourcecode.cpp.cpp; path = main.cpp; sourceTree = "<group>"; };
		D44547F2245D3866003F70C6 /* main2 */ = {isa = PBXFileReference; explicitFileType = "compiled.mach-o.executable"; includeInIndex = 0; path = main2; sourceTree = BUILT_PRODUCTS_DIR; };
		D44547F4245D3866003F70C6 /* main.cpp */ = {isa = PBXFileReference; lastKnownFileType = sourcecode.cpp.cpp; path = main.cpp; sourceTree = "<group>"; };
		D44547FD245D61B6003F70C6 /* playground */ = {isa = PBXFileReference; explicitFileType = "compiled.mach-o.executable"; includeInIndex = 0; path = playground; sourceTree = BUILT_PRODUCTS_DIR; };
		D44547FF245D61B6003F70C6 /* main.cpp */ = {isa = PBXFileReference; lastKnownFileType = sourcecode.cpp.cpp; path = main.cpp; sourceTree = "<group>"; };
		D4454805245D6619003F70C6 /* stdc++.h */ = {isa = PBXFileReference; fileEncoding = 4; lastKnownFileType = sourcecode.c.h; path = "stdc++.h"; sourceTree = "<group>"; };
		D4454806245E1E27003F70C6 /* stdc++.h */ = {isa = PBXFileReference; fileEncoding = 4; lastKnownFileType = sourcecode.c.h; path = "stdc++.h"; sourceTree = "<group>"; };
		D4AB73632460D90800C35979 /* stdc++.h */ = {isa = PBXFileReference; fileEncoding = 4; lastKnownFileType = sourcecode.c.h; path = "stdc++.h"; sourceTree = "<group>"; };
/* End PBXFileReference section */

/* Begin PBXFrameworksBuildPhase section */
		D44547E1245C6272003F70C6 /* Frameworks */ = {
			isa = PBXFrameworksBuildPhase;
			buildActionMask = 2147483647;
			files = (
			);
			runOnlyForDeploymentPostprocessing = 0;
		};
		D44547EF245D3866003F70C6 /* Frameworks */ = {
			isa = PBXFrameworksBuildPhase;
			buildActionMask = 2147483647;
			files = (
			);
			runOnlyForDeploymentPostprocessing = 0;
		};
		D44547FA245D61B6003F70C6 /* Frameworks */ = {
			isa = PBXFrameworksBuildPhase;
			buildActionMask = 2147483647;
			files = (
			);
			runOnlyForDeploymentPostprocessing = 0;
		};
/* End PBXFrameworksBuildPhase section */

/* Begin PBXGroup section */
		D44547DB245C6272003F70C6 = {
			isa = PBXGroup;
			children = (
				D44547E6245C6272003F70C6 /* As10 */,
				D44547F3245D3866003F70C6 /* main2 */,
				D44547FE245D61B6003F70C6 /* playground */,
				D44547E5245C6272003F70C6 /* Products */,
			);
			sourceTree = "<group>";
		};
		D44547E5245C6272003F70C6 /* Products */ = {
			isa = PBXGroup;
			children = (
				D44547E4245C6272003F70C6 /* As10 */,
				D44547F2245D3866003F70C6 /* main2 */,
				D44547FD245D61B6003F70C6 /* playground */,
			);
			name = Products;
			sourceTree = "<group>";
		};
		D44547E6245C6272003F70C6 /* As10 */ = {
			isa = PBXGroup;
			children = (
				D44547E7245C6272003F70C6 /* main.cpp */,
				D4AB73632460D90800C35979 /* stdc++.h */,
			);
			path = As10;
			sourceTree = "<group>";
		};
		D44547F3245D3866003F70C6 /* main2 */ = {
			isa = PBXGroup;
			children = (
				D44547F4245D3866003F70C6 /* main.cpp */,
				D4454805245D6619003F70C6 /* stdc++.h */,
			);
			path = main2;
			sourceTree = "<group>";
		};
		D44547FE245D61B6003F70C6 /* playground */ = {
			isa = PBXGroup;
			children = (
				D44547FF245D61B6003F70C6 /* main.cpp */,
				D42FF99C2460FBC5001ADED7 /* Deque.h */,
				D4454806245E1E27003F70C6 /* stdc++.h */,
				D42FF99B2460F5F3001ADED7 /* Timer.h */,
			);
			path = playground;
			sourceTree = "<group>";
		};
/* End PBXGroup section */

/* Begin PBXNativeTarget section */
		D44547E3245C6272003F70C6 /* As10 */ = {
			isa = PBXNativeTarget;
			buildConfigurationList = D44547EB245C6272003F70C6 /* Build configuration list for PBXNativeTarget "As10" */;
			buildPhases = (
				D44547E0245C6272003F70C6 /* Sources */,
				D44547E1245C6272003F70C6 /* Frameworks */,
				D44547E2245C6272003F70C6 /* CopyFiles */,
			);
			buildRules = (
			);
			dependencies = (
			);
			name = As10;
			productName = As10;
			productReference = D44547E4245C6272003F70C6 /* As10 */;
			productType = "com.apple.product-type.tool";
		};
		D44547F1245D3866003F70C6 /* main2 */ = {
			isa = PBXNativeTarget;
			buildConfigurationList = D44547F6245D3866003F70C6 /* Build configuration list for PBXNativeTarget "main2" */;
			buildPhases = (
				D44547EE245D3866003F70C6 /* Sources */,
				D44547EF245D3866003F70C6 /* Frameworks */,
				D44547F0245D3866003F70C6 /* CopyFiles */,
			);
			buildRules = (
			);
			dependencies = (
			);
			name = main2;
			productName = main2;
			productReference = D44547F2245D3866003F70C6 /* main2 */;
			productType = "com.apple.product-type.tool";
		};
		D44547FC245D61B6003F70C6 /* playground */ = {
			isa = PBXNativeTarget;
			buildConfigurationList = D4454803245D61B6003F70C6 /* Build configuration list for PBXNativeTarget "playground" */;
			buildPhases = (
				D44547F9245D61B6003F70C6 /* Sources */,
				D44547FA245D61B6003F70C6 /* Frameworks */,
				D44547FB245D61B6003F70C6 /* CopyFiles */,
			);
			buildRules = (
			);
			dependencies = (
			);
			name = playground;
			productName = playground;
			productReference = D44547FD245D61B6003F70C6 /* playground */;
			productType = "com.apple.product-type.tool";
		};
/* End PBXNativeTarget section */

/* Begin PBXProject section */
		D44547DC245C6272003F70C6 /* Project object */ = {
			isa = PBXProject;
			attributes = {
				LastUpgradeCheck = 1140;
				ORGANIZATIONNAME = "Madina Sadirmekova";
				TargetAttributes = {
					D44547E3245C6272003F70C6 = {
						CreatedOnToolsVersion = 11.4.1;
					};
					D44547F1245D3866003F70C6 = {
						CreatedOnToolsVersion = 11.4.1;
					};
					D44547FC245D61B6003F70C6 = {
						CreatedOnToolsVersion = 11.4.1;
					};
				};
			};
			buildConfigurationList = D44547DF245C6272003F70C6 /* Build configuration list for PBXProject "As10" */;
			compatibilityVersion = "Xcode 9.3";
			developmentRegion = en;
			hasScannedForEncodings = 0;
			knownRegions = (
				en,
				Base,
			);
			mainGroup = D44547DB245C6272003F70C6;
			productRefGroup = D44547E5245C6272003F70C6 /* Products */;
			projectDirPath = "";
			projectRoot = "";
			targets = (
				D44547E3245C6272003F70C6 /* As10 */,
				D44547F1245D3866003F70C6 /* main2 */,
				D44547FC245D61B6003F70C6 /* playground */,
			);
		};
/* End PBXProject section */

/* Begin PBXSourcesBuildPhase section */
		D44547E0245C6272003F70C6 /* Sources */ = {
			isa = PBXSourcesBuildPhase;
			buildActionMask = 2147483647;
			files = (
				D44547E8245C6272003F70C6 /* main.cpp in Sources */,
			);
			runOnlyForDeploymentPostprocessing = 0;
		};
		D44547EE245D3866003F70C6 /* Sources */ = {
			isa = PBXSourcesBuildPhase;
			buildActionMask = 2147483647;
			files = (
				D44547F5245D3866003F70C6 /* main.cpp in Sources */,
			);
			runOnlyForDeploymentPostprocessing = 0;
		};
		D44547F9245D61B6003F70C6 /* Sources */ = {
			isa = PBXSourcesBuildPhase;
			buildActionMask = 2147483647;
			files = (
				D4454800245D61B6003F70C6 /* main.cpp in Sources */,
			);
			runOnlyForDeploymentPostprocessing = 0;
		};
/* End PBXSourcesBuildPhase section */

/* Begin XCBuildConfiguration section */
		D44547E9245C6272003F70C6 /* Debug */ = {
			isa = XCBuildConfiguration;
			buildSettings = {
				ALWAYS_SEARCH_USER_PATHS = NO;
				CLANG_ANALYZER_NONNULL = YES;
				CLANG_ANALYZER_NUMBER_OBJECT_CONVERSION = YES_AGGRESSIVE;
				CLANG_CXX_LANGUAGE_STANDARD = "gnu++14";
				CLANG_CXX_LIBRARY = "libc++";
				CLANG_ENABLE_MODULES = YES;
				CLANG_ENABLE_OBJC_ARC = YES;
				CLANG_ENABLE_OBJC_WEAK = YES;
				CLANG_WARN_BLOCK_CAPTURE_AUTORELEASING = YES;
				CLANG_WARN_BOOL_CONVERSION = YES;
				CLANG_WARN_COMMA = YES;
				CLANG_WARN_CONSTANT_CONVERSION = YES;
				CLANG_WARN_DEPRECATED_OBJC_IMPLEMENTATIONS = YES;
				CLANG_WARN_DIRECT_OBJC_ISA_USAGE = YES_ERROR;
				CLANG_WARN_DOCUMENTATION_COMMENTS = YES;
				CLANG_WARN_EMPTY_BODY = YES;
				CLANG_WARN_ENUM_CONVERSION = YES;
				CLANG_WARN_INFINITE_RECURSION = YES;
				CLANG_WARN_INT_CONVERSION = YES;
				CLANG_WARN_NON_LITERAL_NULL_CONVERSION = YES;
				CLANG_WARN_OBJC_IMPLICIT_RETAIN_SELF = YES;
				CLANG_WARN_OBJC_LITERAL_CONVERSION = YES;
				CLANG_WARN_OBJC_ROOT_CLASS = YES_ERROR;
				CLANG_WARN_RANGE_LOOP_ANALYSIS = YES;
				CLANG_WARN_STRICT_PROTOTYPES = YES;
				CLANG_WARN_SUSPICIOUS_MOVE = YES;
				CLANG_WARN_UNGUARDED_AVAILABILITY = YES_AGGRESSIVE;
				CLANG_WARN_UNREACHABLE_CODE = YES;
				CLANG_WARN__DUPLICATE_METHOD_MATCH = YES;
				COPY_PHASE_STRIP = NO;
				DEBUG_INFORMATION_FORMAT = dwarf;
				ENABLE_STRICT_OBJC_MSGSEND = YES;
				ENABLE_TESTABILITY = YES;
				GCC_C_LANGUAGE_STANDARD = gnu11;
				GCC_DYNAMIC_NO_PIC = NO;
				GCC_NO_COMMON_BLOCKS = YES;
				GCC_OPTIMIZATION_LEVEL = 0;
				GCC_PREPROCESSOR_DEFINITIONS = (
					"DEBUG=1",
					"$(inherited)",
				);
				GCC_WARN_64_TO_32_BIT_CONVERSION = YES;
				GCC_WARN_ABOUT_RETURN_TYPE = YES_ERROR;
				GCC_WARN_UNDECLARED_SELECTOR = YES;
				GCC_WARN_UNINITIALIZED_AUTOS = YES_AGGRESSIVE;
				GCC_WARN_UNUSED_FUNCTION = YES;
				GCC_WARN_UNUSED_VARIABLE = YES;
				MACOSX_DEPLOYMENT_TARGET = 10.15;
				MTL_ENABLE_DEBUG_INFO = INCLUDE_SOURCE;
				MTL_FAST_MATH = YES;
				ONLY_ACTIVE_ARCH = YES;
				SDKROOT = macosx;
			};
			name = Debug;
		};
		D44547EA245C6272003F70C6 /* Release */ = {
			isa = XCBuildConfiguration;
			buildSettings = {
				ALWAYS_SEARCH_USER_PATHS = NO;
				CLANG_ANALYZER_NONNULL = YES;
				CLANG_ANALYZER_NUMBER_OBJECT_CONVERSION = YES_AGGRESSIVE;
				CLANG_CXX_LANGUAGE_STANDARD = "gnu++14";
				CLANG_CXX_LIBRARY = "libc++";
				CLANG_ENABLE_MODULES = YES;
				CLANG_ENABLE_OBJC_ARC = YES;
				CLANG_ENABLE_OBJC_WEAK = YES;
				CLANG_WARN_BLOCK_CAPTURE_AUTORELEASING = YES;
				CLANG_WARN_BOOL_CONVERSION = YES;
				CLANG_WARN_COMMA = YES;
				CLANG_WARN_CONSTANT_CONVERSION = YES;
				CLANG_WARN_DEPRECATED_OBJC_IMPLEMENTATIONS = YES;
				CLANG_WARN_DIRECT_OBJC_ISA_USAGE = YES_ERROR;
				CLANG_WARN_DOCUMENTATION_COMMENTS = YES;
				CLANG_WARN_EMPTY_BODY = YES;
				CLANG_WARN_ENUM_CONVERSION = YES;
				CLANG_WARN_INFINITE_RECURSION = YES;
				CLANG_WARN_INT_CONVERSION = YES;
				CLANG_WARN_NON_LITERAL_NULL_CONVERSION = YES;
				CLANG_WARN_OBJC_IMPLICIT_RETAIN_SELF = YES;
				CLANG_WARN_OBJC_LITERAL_CONVERSION = YES;
				CLANG_WARN_OBJC_ROOT_CLASS = YES_ERROR;
				CLANG_WARN_RANGE_LOOP_ANALYSIS = YES;
				CLANG_WARN_STRICT_PROTOTYPES = YES;
				CLANG_WARN_SUSPICIOUS_MOVE = YES;
				CLANG_WARN_UNGUARDED_AVAILABILITY = YES_AGGRESSIVE;
				CLANG_WARN_UNREACHABLE_CODE = YES;
				CLANG_WARN__DUPLICATE_METHOD_MATCH = YES;
				COPY_PHASE_STRIP = NO;
				DEBUG_INFORMATION_FORMAT = "dwarf-with-dsym";
				ENABLE_NS_ASSERTIONS = NO;
				ENABLE_STRICT_OBJC_MSGSEND = YES;
				GCC_C_LANGUAGE_STANDARD = gnu11;
				GCC_NO_COMMON_BLOCKS = YES;
				GCC_WARN_64_TO_32_BIT_CONVERSION = YES;
				GCC_WARN_ABOUT_RETURN_TYPE = YES_ERROR;
				GCC_WARN_UNDECLARED_SELECTOR = YES;
				GCC_WARN_UNINITIALIZED_AUTOS = YES_AGGRESSIVE;
				GCC_WARN_UNUSED_FUNCTION = YES;
				GCC_WARN_UNUSED_VARIABLE = YES;
				MACOSX_DEPLOYMENT_TARGET = 10.15;
				MTL_ENABLE_DEBUG_INFO = NO;
				MTL_FAST_MATH = YES;
				SDKROOT = macosx;
			};
			name = Release;
		};
		D44547EC245C6272003F70C6 /* Debug */ = {
			isa = XCBuildConfiguration;
			buildSettings = {
				CODE_SIGN_STYLE = Automatic;
				PRODUCT_NAME = "$(TARGET_NAME)";
			};
			name = Debug;
		};
		D44547ED245C6272003F70C6 /* Release */ = {
			isa = XCBuildConfiguration;
			buildSettings = {
				CODE_SIGN_STYLE = Automatic;
				PRODUCT_NAME = "$(TARGET_NAME)";
			};
			name = Release;
		};
		D44547F7245D3866003F70C6 /* Debug */ = {
			isa = XCBuildConfiguration;
			buildSettings = {
				CODE_SIGN_STYLE = Automatic;
				PRODUCT_NAME = "$(TARGET_NAME)";
			};
			name = Debug;
		};
		D44547F8245D3866003F70C6 /* Release */ = {
			isa = XCBuildConfiguration;
			buildSettings = {
				CODE_SIGN_STYLE = Automatic;
				PRODUCT_NAME = "$(TARGET_NAME)";
			};
			name = Release;
		};
		D4454801245D61B6003F70C6 /* Debug */ = {
			isa = XCBuildConfiguration;
			buildSettings = {
				CODE_SIGN_STYLE = Automatic;
				PRODUCT_NAME = "$(TARGET_NAME)";
			};
			name = Debug;
		};
		D4454802245D61B6003F70C6 /* Release */ = {
			isa = XCBuildConfiguration;
			buildSettings = {
				CODE_SIGN_STYLE = Automatic;
				PRODUCT_NAME = "$(TARGET_NAME)";
			};
			name = Release;
		};
/* End XCBuildConfiguration section */

/* Begin XCConfigurationList section */
		D44547DF245C6272003F70C6 /* Build configuration list for PBXProject "As10" */ = {
			isa = XCConfigurationList;
			buildConfigurations = (
				D44547E9245C6272003F70C6 /* Debug */,
				D44547EA245C6272003F70C6 /* Release */,
			);
			defaultConfigurationIsVisible = 0;
			defaultConfigurationName = Release;
		};
		D44547EB245C6272003F70C6 /* Build configuration list for PBXNativeTarget "As10" */ = {
			isa = XCConfigurationList;
			buildConfigurations = (
				D44547EC245C6272003F70C6 /* Debug */,
				D44547ED245C6272003F70C6 /* Release */,
			);
			defaultConfigurationIsVisible = 0;
			defaultConfigurationName = Release;
		};
		D44547F6245D3866003F70C6 /* Build configuration list for PBXNativeTarget "main2" */ = {
			isa = XCConfigurationList;
			buildConfigurations = (
				D44547F7245D3866003F70C6 /* Debug */,
				D44547F8245D3866003F70C6 /* Release */,
			);
			defaultConfigurationIsVisible = 0;
			defaultConfigurationName = Release;
		};
		D4454803245D61B6003F70C6 /* Build configuration list for PBXNativeTarget "playground" */ = {
			isa = XCConfigurationList;
			buildConfigurations = (
				D4454801245D61B6003F70C6 /* Debug */,
				D4454802245D61B6003F70C6 /* Release */,
			);
			defaultConfigurationIsVisible = 0;
			defaultConfigurationName = Release;
		};
/* End XCConfigurationList section */
	};
	rootObject = D44547DC245C6272003F70C6 /* Project object */;
}
